
Microsoft Visual Studio Solution File, Format Version 12.00
# Visual Studio 15
VisualStudioVersion = 15.0.27004.2002
MinimumVisualStudioVersion = 10.0.40219.1
Project("{FAE04EC0-301F-11D3-BF4B-00C04F79EFBC}") = "FAHASA", "FAHASA\FAHASA.csproj", "{F9233B3A-95D8-4C93-8EC0-A0D7B15BE4ED}"
EndProject
Global
	GlobalSection(SolutionConfigurationPlatforms) = preSolution
		Debug|Any CPU = Debug|Any CPU
		Release|Any CPU = Release|Any CPU
	EndGlobalSection
	GlobalSection(ProjectConfigurationPlatforms) = postSolution
		{F9233B3A-95D8-4C93-8EC0-A0D7B15BE4ED}.Debug|Any CPU.ActiveCfg = Debug|Any CPU
		{F9233B3A-95D8-4C93-8EC0-A0D7B15BE4ED}.Debug|Any CPU.Build.0 = Debug|Any CPU
		{F9233B3A-95D8-4C93-8EC0-A0D7B15BE4ED}.Release|Any CPU.ActiveCfg = Release|Any CPU
		{F9233B3A-95D8-4C93-8EC0-A0D7B15BE4ED}.Release|Any CPU.Build.0 = Release|Any CPU
	EndGlobalSection
	GlobalSection(SolutionProperties) = preSolution
		HideSolutionNode = FALSE
	EndGlobalSection
	GlobalSection(ExtensibilityGlobals) = postSolution
		SolutionGuid = {0766055B-9D4D-4100-916C-1EBA44DD43BE}
	EndGlobalSection
EndGlobal
